
Microsoft Visual Studio Solution File, Format Version 12.00
# Visual Studio Version 17
VisualStudioVersion = 17.2.32526.322
MinimumVisualStudioVersion = 10.0.40219.1
Project("{FAE04EC0-301F-11D3-BF4B-00C04F79EFBC}") = "WebShop", "WebShop\WebShop.csproj", "{24EE56B9-09DE-4A11-9BBF-AC40C4081073}"
EndProject
Global
	GlobalSection(SolutionConfigurationPlatforms) = preSolution
		Debug|Any CPU = Debug|Any CPU
		Release|Any CPU = Release|Any CPU
	EndGlobalSection
	GlobalSection(ProjectConfigurationPlatforms) = postSolution
		{24EE56B9-09DE-4A11-9BBF-AC40C4081073}.Debug|Any CPU.ActiveCfg = Debug|Any CPU
		{24EE56B9-09DE-4A11-9BBF-AC40C4081073}.Debug|Any CPU.Build.0 = Debug|Any CPU
		{24EE56B9-09DE-4A11-9BBF-AC40C4081073}.Release|Any CPU.ActiveCfg = Release|Any CPU
		{24EE56B9-09DE-4A11-9BBF-AC40C4081073}.Release|Any CPU.Build.0 = Release|Any CPU
	EndGlobalSection
	GlobalSection(SolutionProperties) = preSolution
		HideSolutionNode = FALSE
	EndGlobalSection
	GlobalSection(ExtensibilityGlobals) = postSolution
		SolutionGuid = {1CBD2774-A215-458F-B782-0B51E5D0E9CD}
	EndGlobalSection
EndGlobal
